# @generated by Move, please check-in and do not edit manually.

[move]
version = 3
manifest_digest = "DBBB53253C1323F6E7E475D29A29775F3EFDEF840EB57A7B40DFB0ECD1F1F893"
deps_digest = "F8BBB0CCB2491CA29A3DF03D6F92277A4F3574266507ACD77214D37ECA3F3082"
dependencies = [
  { id = "AptosFramework", name = "AptosFramework" },
]

[[move.package]]
id = "AptosFramework"
source = { git = "https://github.com/aptos-labs/aptos-framework.git", rev = "mainnet", subdir = "aptos-framework" }

dependencies = [
  { id = "AptosStdlib", name = "AptosStdlib" },
  { id = "MoveStdlib", name = "MoveStdlib" },
]

[[move.package]]
id = "AptosStdlib"
source = { git = "https://github.com/aptos-labs/aptos-framework.git", rev = "mainnet", subdir = "aptos-stdlib" }

dependencies = [
  { id = "MoveStdlib", name = "MoveStdlib" },
]

[[move.package]]
id = "MoveStdlib"
source = { git = "https://github.com/aptos-labs/aptos-framework.git", rev = "mainnet", subdir = "move-stdlib" }
